
Microsoft Visual Studio Solution File, Format Version 12.00
# Visual Studio 2012
Project("{F184B08F-C81C-45F6-A57F-5ABD9991F28F}") = "ListBox", "ListBox\ListBox.vbproj", "{5BE90E1F-1D92-4E37-BE9D-6F72A783AF2A}"
EndProject
Global
	GlobalSection(SolutionConfigurationPlatforms) = preSolution
		Debug|Any CPU = Debug|Any CPU
		Release|Any CPU = Release|Any CPU
	EndGlobalSection
	GlobalSection(ProjectConfigurationPlatforms) = postSolution
		{5BE90E1F-1D92-4E37-BE9D-6F72A783AF2A}.Debug|Any CPU.ActiveCfg = Debug|Any CPU
		{5BE90E1F-1D92-4E37-BE9D-6F72A783AF2A}.Debug|Any CPU.Build.0 = Debug|Any CPU
		{5BE90E1F-1D92-4E37-BE9D-6F72A783AF2A}.Release|Any CPU.ActiveCfg = Release|Any CPU
		{5BE90E1F-1D92-4E37-BE9D-6F72A783AF2A}.Release|Any CPU.Build.0 = Release|Any CPU
	EndGlobalSection
	GlobalSection(SolutionProperties) = preSolution
		HideSolutionNode = FALSE
	EndGlobalSection
EndGlobal
